{
  "name": "Banorte-3",
  "lockfileVersion": 3,
  "requires": true,
  "packages": {
    "": {
      "dependencies": {
        "kmeans-js": "^0.1.2"
      }
    },
    "node_modules/kmeans-js": {
      "version": "0.1.2",
      "resolved": "https://registry.npmjs.org/kmeans-js/-/kmeans-js-0.1.2.tgz",
      "integrity": "sha512-7JOVsDTWsHpcUlzB3Y1Dvhrwd1F3eKu5ABeCkbkQ0Bav3wkSBq4grlQPz2gSzHsLiDO1MOEm6x3sHjXjoY+EeA==",
      "engines": {
        "node": "*"
      }
    }
  }
}
